# This file was autogenerated by uv via the following command:
#    uv pip compile requirements.txt --python-version 3.11 --python-platform x86_64-manylinux_2_28 --output-file requirements.lock
annotated-types==0.8.0
    # via pydantic
anyio==4.15.0
    # via
    #   httpx
    #   openai
bcrypt==5.0.0
    # via paramiko
blinker==1.9.0
    # via flask
certifi==2026.7.22
    # via
    #   httpcore
    #   httpx
    #   requests
cffi==2.1.1
    # via
    #   cryptography
    #   pynacl
charset-normalizer==3.5.1
    # via requests
click==8.5.0
    # via
    #   flask
    #   huggingface-hub
cloudpickle==3.1.2
    # via joblib
contourpy==1.3.3
    # via matplotlib
cryptography==46.0.7
    # via
    #   -r requirements.txt
    #   google-auth
    #   paramiko
cycler==0.12.1
    # via matplotlib
cython==3.3.0
    # via pmdarima
distro==1.9.0
    # via openai
duckdb==1.5.5
    # via -r requirements.txt
et-xmlfile==2.0.0
    # via openpyxl
filelock==3.32.5
    # via huggingface-hub
flask==3.1.3
    # via
    #   -r requirements.txt
    #   flask-cors
flask-cors==6.0.5
    # via -r requirements.txt
flatbuffers==25.12.19
    # via onnxruntime
fonttools==4.64.0
    # via matplotlib
formulaic==1.2.2
    # via statsmodels
fsspec==2026.7.0
    # via huggingface-hub
google-auth==2.57.1
    # via
    #   -r requirements.txt
    #   google-auth-oauthlib
    #   gspread
google-auth-oauthlib==1.4.1
    # via gspread
greenlet==3.5.5
    # via sqlalchemy
gspread==6.2.1
    # via -r requirements.txt
h11==0.16.0
    # via httpcore
hf-xet==1.6.0
    # via huggingface-hub
httpcore==1.0.9
    # via httpx
httpx==0.28.1
    # via
    #   -r requirements.txt
    #   huggingface-hub
    #   lark-oapi
    #   openai
huggingface-hub==1.30.0
    # via tokenizers
idna==3.19
    # via
    #   anyio
    #   httpx
    #   requests
interface-meta==2.0.1
    # via formulaic
invoke==3.0.3
    # via paramiko
itsdangerous==2.2.0
    # via flask
jinja2==3.1.6
    # via flask
jiter==0.16.0
    # via openai
joblib==1.6.0
    # via
    #   pmdarima
    #   scikit-learn
kiwisolver==1.5.1
    # via matplotlib
lark-oapi==1.7.3
    # via -r requirements.txt
lxml==6.1.3
    # via
    #   python-docx
    #   python-pptx
markupsafe==3.0.3
    # via
    #   flask
    #   jinja2
    #   werkzeug
matplotlib==3.11.1
    # via -r requirements.txt
narwhals==2.25.0
    # via
    #   formulaic
    #   plotly
    #   scikit-learn
numpy==2.4.6
    # via
    #   -r requirements.txt
    #   contourpy
    #   formulaic
    #   matplotlib
    #   onnxruntime
    #   pandas
    #   patsy
    #   pmdarima
    #   scikit-learn
    #   scipy
    #   statsmodels
oauthlib==3.3.1
    # via requests-oauthlib
onnxruntime==1.29.0
    # via -r requirements.txt
openai==2.54.0
    # via -r requirements.txt
openpyxl==3.1.5
    # via -r requirements.txt
packaging==26.3
    # via
    #   huggingface-hub
    #   matplotlib
    #   onnxruntime
    #   patsy
    #   plotly
    #   pmdarima
    #   statsmodels
pandas==3.0.5
    # via
    #   -r requirements.txt
    #   formulaic
    #   pmdarima
    #   statsmodels
paramiko==4.0.0
    # via -r requirements.txt
patsy==1.0.3
    # via statsmodels
pillow==12.3.0
    # via
    #   matplotlib
    #   python-pptx
plotly==6.9.0
    # via -r requirements.txt
pmdarima==2.1.1
    # via -r requirements.txt
protobuf==7.36.1
    # via onnxruntime
psycopg2-binary==2.9.12
    # via -r requirements.txt
pyarrow==23.0.1
    # via -r requirements.txt
pyasn1==0.6.4
    # via pyasn1-modules
pyasn1-modules==0.4.2
    # via google-auth
pycparser==3.0
    # via cffi
pycryptodome==3.23.0
    # via lark-oapi
pydantic==2.13.5
    # via openai
pydantic-core==2.46.5
    # via pydantic
pymysql==1.2.0
    # via -r requirements.txt
pynacl==1.6.2
    # via paramiko
pyodbc==5.3.0
    # via -r requirements.txt
pyparsing==3.3.2
    # via matplotlib
pypdf==6.17.0
    # via -r requirements.txt
python-dateutil==2.9.0.post0
    # via
    #   matplotlib
    #   pandas
python-docx==1.2.0
    # via -r requirements.txt
python-dotenv==1.2.3
    # via -r requirements.txt
python-pptx==1.0.2
    # via -r requirements.txt
pyyaml==6.0.3
    # via
    #   -r requirements.txt
    #   huggingface-hub
requests==2.34.2
    # via
    #   -r requirements.txt
    #   lark-oapi
    #   requests-oauthlib
    #   requests-toolbelt
requests-oauthlib==2.0.0
    # via google-auth-oauthlib
requests-toolbelt==1.0.0
    # via lark-oapi
scikit-learn==1.9.0
    # via
    #   -r requirements.txt
    #   pmdarima
scipy==1.17.1
    # via
    #   -r requirements.txt
    #   formulaic
    #   pmdarima
    #   scikit-learn
    #   statsmodels
setuptools==84.0.0
    # via pmdarima
six==1.17.0
    # via python-dateutil
sniffio==1.3.1
    # via openai
sqlalchemy==2.0.52
    # via -r requirements.txt
sqlglot==30.18.0
    # via -r requirements.txt
statsmodels==0.15.0
    # via
    #   -r requirements.txt
    #   pmdarima
threadpoolctl==3.6.0
    # via scikit-learn
tokenizers==0.23.2
    # via -r requirements.txt
tqdm==4.70.0
    # via
    #   huggingface-hub
    #   openai
typing-extensions==4.16.0
    # via
    #   anyio
    #   formulaic
    #   huggingface-hub
    #   openai
    #   pydantic
    #   pydantic-core
    #   python-docx
    #   python-pptx
    #   sqlalchemy
    #   typing-inspection
typing-inspection==0.4.4
    # via pydantic
urllib3==2.7.0
    # via
    #   pmdarima
    #   requests
waitress==3.0.2
    # via -r requirements.txt
websockets==15.0.1
    # via lark-oapi
werkzeug==3.1.8
    # via
    #   flask
    #   flask-cors
wrapt==2.4.0
    # via formulaic
xlrd==2.0.2
    # via -r requirements.txt
xlsxwriter==3.2.9
    # via python-pptx
